
Microsoft Visual Studio Solution File, Format Version 12.00
# Visual Studio Version 17
VisualStudioVersion = 17.13.35818.85
MinimumVisualStudioVersion = 10.0.40219.1
Project("{FAE04EC0-301F-11D3-BF4B-00C04F79EFBC}") = "WSTickets.Api", "WSTickets.Api\WSTickets.Api.csproj", "{B80E70C2-D42D-43F9-A900-4FD7631AD2ED}"
EndProject
Project("{FAE04EC0-301F-11D3-BF4B-00C04F79EFBC}") = "WSTickets.App.UITests", "WSTickets.App.UITests\WSTickets.App.UITests.csproj", "{0A4AB76D-6847-E656-58FD-86F0475CF2D2}"
EndProject
Project("{FAE04EC0-301F-11D3-BF4B-00C04F79EFBC}") = "WSTickets.App", "WSTickets.App\WSTickets.App.csproj", "{892BAF2F-8BDA-E62C-1A86-1EB70F458EFA}"
EndProject
Project("{FAE04EC0-301F-11D3-BF4B-00C04F79EFBC}") = "WSTickets.App.Tests", "WSTickets.App.Tests\WSTickets.App.Tests.csproj", "{2791DCA8-915D-48CD-B9E6-76CA6212E5F9}"
EndProject
Project("{FAE04EC0-301F-11D3-BF4B-00C04F79EFBC}") = "WSTickets.Api.Tests", "WSTickets.Api.Tests\WSTickets.Api.Tests.csproj", "{AFC70D3A-B550-4B4E-BD46-2BA36F0C8FD8}"
EndProject
Global
	GlobalSection(SolutionConfigurationPlatforms) = preSolution
		Debug|Any CPU = Debug|Any CPU
		Debug|x64 = Debug|x64
		Debug|x86 = Debug|x86
		Release|Any CPU = Release|Any CPU
		Release|x64 = Release|x64
		Release|x86 = Release|x86
	EndGlobalSection
	GlobalSection(ProjectConfigurationPlatforms) = postSolution
		{B80E70C2-D42D-43F9-A900-4FD7631AD2ED}.Debug|Any CPU.ActiveCfg = Debug|Any CPU
		{B80E70C2-D42D-43F9-A900-4FD7631AD2ED}.Debug|Any CPU.Build.0 = Debug|Any CPU
		{B80E70C2-D42D-43F9-A900-4FD7631AD2ED}.Debug|x64.ActiveCfg = Debug|Any CPU
		{B80E70C2-D42D-43F9-A900-4FD7631AD2ED}.Debug|x64.Build.0 = Debug|Any CPU
		{B80E70C2-D42D-43F9-A900-4FD7631AD2ED}.Debug|x86.ActiveCfg = Debug|Any CPU
		{B80E70C2-D42D-43F9-A900-4FD7631AD2ED}.Debug|x86.Build.0 = Debug|Any CPU
		{B80E70C2-D42D-43F9-A900-4FD7631AD2ED}.Release|Any CPU.ActiveCfg = Release|Any CPU
		{B80E70C2-D42D-43F9-A900-4FD7631AD2ED}.Release|Any CPU.Build.0 = Release|Any CPU
		{B80E70C2-D42D-43F9-A900-4FD7631AD2ED}.Release|x64.ActiveCfg = Release|Any CPU
		{B80E70C2-D42D-43F9-A900-4FD7631AD2ED}.Release|x64.Build.0 = Release|Any CPU
		{B80E70C2-D42D-43F9-A900-4FD7631AD2ED}.Release|x86.ActiveCfg = Release|Any CPU
		{B80E70C2-D42D-43F9-A900-4FD7631AD2ED}.Release|x86.Build.0 = Release|Any CPU
		{0A4AB76D-6847-E656-58FD-86F0475CF2D2}.Debug|Any CPU.ActiveCfg = Debug|Any CPU
		{0A4AB76D-6847-E656-58FD-86F0475CF2D2}.Debug|Any CPU.Build.0 = Debug|Any CPU
		{0A4AB76D-6847-E656-58FD-86F0475CF2D2}.Debug|x64.ActiveCfg = Debug|Any CPU
		{0A4AB76D-6847-E656-58FD-86F0475CF2D2}.Debug|x64.Build.0 = Debug|Any CPU
		{0A4AB76D-6847-E656-58FD-86F0475CF2D2}.Debug|x86.ActiveCfg = Debug|Any CPU
		{0A4AB76D-6847-E656-58FD-86F0475CF2D2}.Debug|x86.Build.0 = Debug|Any CPU
		{0A4AB76D-6847-E656-58FD-86F0475CF2D2}.Release|Any CPU.ActiveCfg = Release|Any CPU
		{0A4AB76D-6847-E656-58FD-86F0475CF2D2}.Release|Any CPU.Build.0 = Release|Any CPU
		{0A4AB76D-6847-E656-58FD-86F0475CF2D2}.Release|x64.ActiveCfg = Release|Any CPU
		{0A4AB76D-6847-E656-58FD-86F0475CF2D2}.Release|x64.Build.0 = Release|Any CPU
		{0A4AB76D-6847-E656-58FD-86F0475CF2D2}.Release|x86.ActiveCfg = Release|Any CPU
		{0A4AB76D-6847-E656-58FD-86F0475CF2D2}.Release|x86.Build.0 = Release|Any CPU
		{892BAF2F-8BDA-E62C-1A86-1EB70F458EFA}.Debug|Any CPU.ActiveCfg = Debug|Any CPU
		{892BAF2F-8BDA-E62C-1A86-1EB70F458EFA}.Debug|Any CPU.Build.0 = Debug|Any CPU
		{892BAF2F-8BDA-E62C-1A86-1EB70F458EFA}.Debug|Any CPU.Deploy.0 = Debug|Any CPU
		{892BAF2F-8BDA-E62C-1A86-1EB70F458EFA}.Debug|x64.ActiveCfg = Debug|Any CPU
		{892BAF2F-8BDA-E62C-1A86-1EB70F458EFA}.Debug|x64.Build.0 = Debug|Any CPU
		{892BAF2F-8BDA-E62C-1A86-1EB70F458EFA}.Debug|x86.ActiveCfg = Debug|Any CPU
		{892BAF2F-8BDA-E62C-1A86-1EB70F458EFA}.Debug|x86.Build.0 = Debug|Any CPU
		{892BAF2F-8BDA-E62C-1A86-1EB70F458EFA}.Release|Any CPU.ActiveCfg = Release|Any CPU
		{892BAF2F-8BDA-E62C-1A86-1EB70F458EFA}.Release|Any CPU.Build.0 = Release|Any CPU
		{892BAF2F-8BDA-E62C-1A86-1EB70F458EFA}.Release|x64.ActiveCfg = Release|Any CPU
		{892BAF2F-8BDA-E62C-1A86-1EB70F458EFA}.Release|x64.Build.0 = Release|Any CPU
		{892BAF2F-8BDA-E62C-1A86-1EB70F458EFA}.Release|x86.ActiveCfg = Release|Any CPU
		{892BAF2F-8BDA-E62C-1A86-1EB70F458EFA}.Release|x86.Build.0 = Release|Any CPU
		{2791DCA8-915D-48CD-B9E6-76CA6212E5F9}.Debug|Any CPU.ActiveCfg = Debug|Any CPU
		{2791DCA8-915D-48CD-B9E6-76CA6212E5F9}.Debug|Any CPU.Build.0 = Debug|Any CPU
		{2791DCA8-915D-48CD-B9E6-76CA6212E5F9}.Debug|x64.ActiveCfg = Debug|Any CPU
		{2791DCA8-915D-48CD-B9E6-76CA6212E5F9}.Debug|x64.Build.0 = Debug|Any CPU
		{2791DCA8-915D-48CD-B9E6-76CA6212E5F9}.Debug|x86.ActiveCfg = Debug|Any CPU
		{2791DCA8-915D-48CD-B9E6-76CA6212E5F9}.Debug|x86.Build.0 = Debug|Any CPU
		{2791DCA8-915D-48CD-B9E6-76CA6212E5F9}.Release|Any CPU.ActiveCfg = Release|Any CPU
		{2791DCA8-915D-48CD-B9E6-76CA6212E5F9}.Release|Any CPU.Build.0 = Release|Any CPU
		{2791DCA8-915D-48CD-B9E6-76CA6212E5F9}.Release|x64.ActiveCfg = Release|Any CPU
		{2791DCA8-915D-48CD-B9E6-76CA6212E5F9}.Release|x64.Build.0 = Release|Any CPU
		{2791DCA8-915D-48CD-B9E6-76CA6212E5F9}.Release|x86.ActiveCfg = Release|Any CPU
		{2791DCA8-915D-48CD-B9E6-76CA6212E5F9}.Release|x86.Build.0 = Release|Any CPU
		{AFC70D3A-B550-4B4E-BD46-2BA36F0C8FD8}.Debug|Any CPU.ActiveCfg = Debug|Any CPU
		{AFC70D3A-B550-4B4E-BD46-2BA36F0C8FD8}.Debug|Any CPU.Build.0 = Debug|Any CPU
		{AFC70D3A-B550-4B4E-BD46-2BA36F0C8FD8}.Debug|x64.ActiveCfg = Debug|Any CPU
		{AFC70D3A-B550-4B4E-BD46-2BA36F0C8FD8}.Debug|x64.Build.0 = Debug|Any CPU
		{AFC70D3A-B550-4B4E-BD46-2BA36F0C8FD8}.Debug|x86.ActiveCfg = Debug|Any CPU
		{AFC70D3A-B550-4B4E-BD46-2BA36F0C8FD8}.Debug|x86.Build.0 = Debug|Any CPU
		{AFC70D3A-B550-4B4E-BD46-2BA36F0C8FD8}.Release|Any CPU.ActiveCfg = Release|Any CPU
		{AFC70D3A-B550-4B4E-BD46-2BA36F0C8FD8}.Release|Any CPU.Build.0 = Release|Any CPU
		{AFC70D3A-B550-4B4E-BD46-2BA36F0C8FD8}.Release|x64.ActiveCfg = Release|Any CPU
		{AFC70D3A-B550-4B4E-BD46-2BA36F0C8FD8}.Release|x64.Build.0 = Release|Any CPU
		{AFC70D3A-B550-4B4E-BD46-2BA36F0C8FD8}.Release|x86.ActiveCfg = Release|Any CPU
		{AFC70D3A-B550-4B4E-BD46-2BA36F0C8FD8}.Release|x86.Build.0 = Release|Any CPU
	EndGlobalSection
	GlobalSection(SolutionProperties) = preSolution
		HideSolutionNode = FALSE
	EndGlobalSection
	GlobalSection(ExtensibilityGlobals) = postSolution
		SolutionGuid = {AB8795AA-EA0F-4A47-9DE7-764A68F4715F}
	EndGlobalSection
EndGlobal
